
Microsoft Visual Studio Solution File, Format Version 12.00
# Visual Studio Version 16
VisualStudioVersion = 16.0.30204.135
MinimumVisualStudioVersion = 10.0.40219.1
Project("{9A19103F-16F7-4668-BE54-9A1E7A4F7556}") = "BigTinCansTests", "..\BigTinCansTests\BigTinCansTests.csproj", "{B9D19A50-1F2D-4F15-B877-1591AAF9163A}"
EndProject
Project("{9A19103F-16F7-4668-BE54-9A1E7A4F7556}") = "BigTinCans", "BigTinCans\BigTinCans.csproj", "{C0391056-C0B8-4795-9271-C843FC12BF5F}"
EndProject
Global
	GlobalSection(SolutionConfigurationPlatforms) = preSolution
		Debug|Any CPU = Debug|Any CPU
		Release|Any CPU = Release|Any CPU
	EndGlobalSection
	GlobalSection(ProjectConfigurationPlatforms) = postSolution
		{B9D19A50-1F2D-4F15-B877-1591AAF9163A}.Debug|Any CPU.ActiveCfg = Debug|Any CPU
		{B9D19A50-1F2D-4F15-B877-1591AAF9163A}.Debug|Any CPU.Build.0 = Debug|Any CPU
		{B9D19A50-1F2D-4F15-B877-1591AAF9163A}.Release|Any CPU.ActiveCfg = Release|Any CPU
		{B9D19A50-1F2D-4F15-B877-1591AAF9163A}.Release|Any CPU.Build.0 = Release|Any CPU
		{C0391056-C0B8-4795-9271-C843FC12BF5F}.Debug|Any CPU.ActiveCfg = Debug|Any CPU
		{C0391056-C0B8-4795-9271-C843FC12BF5F}.Debug|Any CPU.Build.0 = Debug|Any CPU
		{C0391056-C0B8-4795-9271-C843FC12BF5F}.Release|Any CPU.ActiveCfg = Release|Any CPU
		{C0391056-C0B8-4795-9271-C843FC12BF5F}.Release|Any CPU.Build.0 = Release|Any CPU
	EndGlobalSection
	GlobalSection(SolutionProperties) = preSolution
		HideSolutionNode = FALSE
	EndGlobalSection
	GlobalSection(ExtensibilityGlobals) = postSolution
		SolutionGuid = {5865F472-8E81-4E3F-9372-6E4736B01985}
	EndGlobalSection
EndGlobal
